
Microsoft Visual Studio Solution File, Format Version 12.00
# Visual Studio Version 16
VisualStudioVersion = 16.0.29728.190
MinimumVisualStudioVersion = 10.0.40219.1
Project("{8BC9CEB8-8B4A-11D0-8D11-00A0C91BC942}") = "Project1", "Project1\Project1.vcxproj", "{A21FE691-9859-445C-BAA4-69071D26C824}"
EndProject
Project("{8BC9CEB8-8B4A-11D0-8D11-00A0C91BC942}") = "Project2", "Project2\Project2.vcxproj", "{EBF6C598-32BA-434A-A652-186C6753EF84}"
EndProject
Project("{8BC9CEB8-8B4A-11D0-8D11-00A0C91BC942}") = "Project3", "Project3\Project3.vcxproj", "{197F967B-413A-4141-9BF0-C4D6AB144120}"
EndProject
Project("{8BC9CEB8-8B4A-11D0-8D11-00A0C91BC942}") = "Project4", "Project4\Project4.vcxproj", "{CB8C31E6-0F34-45B3-9761-DBB045675378}"
EndProject
Project("{8BC9CEB8-8B4A-11D0-8D11-00A0C91BC942}") = "Project5", "Project5\Project5.vcxproj", "{CDAD1B92-6F78-4147-BC9A-E07FCA8C1438}"
EndProject
Global
	GlobalSection(SolutionConfigurationPlatforms) = preSolution
		Debug|x64 = Debug|x64
		Debug|x86 = Debug|x86
		Release|x64 = Release|x64
		Release|x86 = Release|x86
	EndGlobalSection
	GlobalSection(ProjectConfigurationPlatforms) = postSolution
		{A21FE691-9859-445C-BAA4-69071D26C824}.Debug|x64.ActiveCfg = Debug|x64
		{A21FE691-9859-445C-BAA4-69071D26C824}.Debug|x64.Build.0 = Debug|x64
		{A21FE691-9859-445C-BAA4-69071D26C824}.Debug|x86.ActiveCfg = Debug|Win32
		{A21FE691-9859-445C-BAA4-69071D26C824}.Debug|x86.Build.0 = Debug|Win32
		{A21FE691-9859-445C-BAA4-69071D26C824}.Release|x64.ActiveCfg = Release|x64
		{A21FE691-9859-445C-BAA4-69071D26C824}.Release|x64.Build.0 = Release|x64
		{A21FE691-9859-445C-BAA4-69071D26C824}.Release|x86.ActiveCfg = Release|Win32
		{A21FE691-9859-445C-BAA4-69071D26C824}.Release|x86.Build.0 = Release|Win32
		{EBF6C598-32BA-434A-A652-186C6753EF84}.Debug|x64.ActiveCfg = Debug|x64
		{EBF6C598-32BA-434A-A652-186C6753EF84}.Debug|x64.Build.0 = Debug|x64
		{EBF6C598-32BA-434A-A652-186C6753EF84}.Debug|x86.ActiveCfg = Debug|Win32
		{EBF6C598-32BA-434A-A652-186C6753EF84}.Debug|x86.Build.0 = Debug|Win32
		{EBF6C598-32BA-434A-A652-186C6753EF84}.Release|x64.ActiveCfg = Release|x64
		{EBF6C598-32BA-434A-A652-186C6753EF84}.Release|x64.Build.0 = Release|x64
		{EBF6C598-32BA-434A-A652-186C6753EF84}.Release|x86.ActiveCfg = Release|Win32
		{EBF6C598-32BA-434A-A652-186C6753EF84}.Release|x86.Build.0 = Release|Win32
		{197F967B-413A-4141-9BF0-C4D6AB144120}.Debug|x64.ActiveCfg = Debug|x64
		{197F967B-413A-4141-9BF0-C4D6AB144120}.Debug|x64.Build.0 = Debug|x64
		{197F967B-413A-4141-9BF0-C4D6AB144120}.Debug|x86.ActiveCfg = Debug|Win32
		{197F967B-413A-4141-9BF0-C4D6AB144120}.Debug|x86.Build.0 = Debug|Win32
		{197F967B-413A-4141-9BF0-C4D6AB144120}.Release|x64.ActiveCfg = Release|x64
		{197F967B-413A-4141-9BF0-C4D6AB144120}.Release|x64.Build.0 = Release|x64
		{197F967B-413A-4141-9BF0-C4D6AB144120}.Release|x86.ActiveCfg = Release|Win32
		{197F967B-413A-4141-9BF0-C4D6AB144120}.Release|x86.Build.0 = Release|Win32
		{CB8C31E6-0F34-45B3-9761-DBB045675378}.Debug|x64.ActiveCfg = Debug|x64
		{CB8C31E6-0F34-45B3-9761-DBB045675378}.Debug|x64.Build.0 = Debug|x64
		{CB8C31E6-0F34-45B3-9761-DBB045675378}.Debug|x86.ActiveCfg = Debug|Win32
		{CB8C31E6-0F34-45B3-9761-DBB045675378}.Debug|x86.Build.0 = Debug|Win32
		{CB8C31E6-0F34-45B3-9761-DBB045675378}.Release|x64.ActiveCfg = Release|x64
		{CB8C31E6-0F34-45B3-9761-DBB045675378}.Release|x64.Build.0 = Release|x64
		{CB8C31E6-0F34-45B3-9761-DBB045675378}.Release|x86.ActiveCfg = Release|Win32
		{CB8C31E6-0F34-45B3-9761-DBB045675378}.Release|x86.Build.0 = Release|Win32
		{CDAD1B92-6F78-4147-BC9A-E07FCA8C1438}.Debug|x64.ActiveCfg = Debug|x64
		{CDAD1B92-6F78-4147-BC9A-E07FCA8C1438}.Debug|x64.Build.0 = Debug|x64
		{CDAD1B92-6F78-4147-BC9A-E07FCA8C1438}.Debug|x86.ActiveCfg = Debug|Win32
		{CDAD1B92-6F78-4147-BC9A-E07FCA8C1438}.Debug|x86.Build.0 = Debug|Win32
		{CDAD1B92-6F78-4147-BC9A-E07FCA8C1438}.Release|x64.ActiveCfg = Release|x64
		{CDAD1B92-6F78-4147-BC9A-E07FCA8C1438}.Release|x64.Build.0 = Release|x64
		{CDAD1B92-6F78-4147-BC9A-E07FCA8C1438}.Release|x86.ActiveCfg = Release|Win32
		{CDAD1B92-6F78-4147-BC9A-E07FCA8C1438}.Release|x86.Build.0 = Release|Win32
	EndGlobalSection
	GlobalSection(SolutionProperties) = preSolution
		HideSolutionNode = FALSE
	EndGlobalSection
	GlobalSection(ExtensibilityGlobals) = postSolution
		SolutionGuid = {224AB7C6-88AB-42D5-BE71-8CB7EAB953DB}
	EndGlobalSection
EndGlobal
